
Microsoft Visual Studio Solution File, Format Version 12.00
# Visual Studio Version 17
VisualStudioVersion = 17.1.32328.378
MinimumVisualStudioVersion = 10.0.40219.1
Project("{9A19103F-16F7-4668-BE54-9A1E7A4F7556}") = "WebAppWebAPIs", "WebAppWebAPIs\WebAppWebAPIs.csproj", "{FAE7B164-1D87-4500-8AC3-804EAFAD5863}"
EndProject
Global
	GlobalSection(SolutionConfigurationPlatforms) = preSolution
		Debug|Any CPU = Debug|Any CPU
		Release|Any CPU = Release|Any CPU
	EndGlobalSection
	GlobalSection(ProjectConfigurationPlatforms) = postSolution
		{FAE7B164-1D87-4500-8AC3-804EAFAD5863}.Debug|Any CPU.ActiveCfg = Debug|Any CPU
		{FAE7B164-1D87-4500-8AC3-804EAFAD5863}.Debug|Any CPU.Build.0 = Debug|Any CPU
		{FAE7B164-1D87-4500-8AC3-804EAFAD5863}.Release|Any CPU.ActiveCfg = Release|Any CPU
		{FAE7B164-1D87-4500-8AC3-804EAFAD5863}.Release|Any CPU.Build.0 = Release|Any CPU
	EndGlobalSection
	GlobalSection(SolutionProperties) = preSolution
		HideSolutionNode = FALSE
	EndGlobalSection
	GlobalSection(ExtensibilityGlobals) = postSolution
		SolutionGuid = {7155D4E8-C41C-47A1-9923-BFCDEA9A1762}
	EndGlobalSection
EndGlobal
